// !$*UTF8*$!
{
	archiveVersion = 1;
	classes = {
	};
	objectVersion = 56;
	objects = {

/* Begin PBXBuildFile section */
		A96100B42A20856500160488 /* WWDCExtendedTokyo2023App.swift in Sources */ = {isa = PBXBuildFile; fileRef = A96100B32A20856500160488 /* WWDCExtendedTokyo2023App.swift */; };
		A96100B62A20856500160488 /* SlideTabView.swift in Sources */ = {isa = PBXBuildFile; fileRef = A96100B52A20856500160488 /* SlideTabView.swift */; };
		A96100B82A20856500160488 /* Assets.xcassets in Resources */ = {isa = PBXBuildFile; fileRef = A96100B72A20856500160488 /* Assets.xcassets */; };
		A96100BB2A20856500160488 /* Preview Assets.xcassets in Resources */ = {isa = PBXBuildFile; fileRef = A96100BA2A20856500160488 /* Preview Assets.xcassets */; };
		A96100C42A208F3500160488 /* ContentView.swift in Sources */ = {isa = PBXBuildFile; fileRef = A96100C32A208F3500160488 /* ContentView.swift */; };
		A96100C62A208F9C00160488 /* UIImageViewer.swift in Sources */ = {isa = PBXBuildFile; fileRef = A96100C52A208F9C00160488 /* UIImageViewer.swift */; };
		A96100C92A208FD200160488 /* CombineCocoa in Frameworks */ = {isa = PBXBuildFile; productRef = A96100C82A208FD200160488 /* CombineCocoa */; };
		A96100CD2A20900B00160488 /* ImageMagnificationView.swift in Sources */ = {isa = PBXBuildFile; fileRef = A96100CC2A20900B00160488 /* ImageMagnificationView.swift */; };
		A96100CF2A20D3B900160488 /* TrancatedText.swift in Sources */ = {isa = PBXBuildFile; fileRef = A96100CE2A20D3B900160488 /* TrancatedText.swift */; };
		A9EF77692A2B71BB001BD912 /* BasicSlideTabView.swift in Sources */ = {isa = PBXBuildFile; fileRef = A9EF77682A2B71BB001BD912 /* BasicSlideTabView.swift */; };
		A9EF776B2A2B725E001BD912 /* SlideTabOffsetView.swift in Sources */ = {isa = PBXBuildFile; fileRef = A9EF776A2A2B725E001BD912 /* SlideTabOffsetView.swift */; };
		A9EF776E2A2B7AE6001BD912 /* MagnificationGestureScaleEffect.swift in Sources */ = {isa = PBXBuildFile; fileRef = A9EF776D2A2B7AE6001BD912 /* MagnificationGestureScaleEffect.swift */; };
		A9EF77702A2B7B8F001BD912 /* MagnificationGestureScrollView.swift in Sources */ = {isa = PBXBuildFile; fileRef = A9EF776F2A2B7B8F001BD912 /* MagnificationGestureScrollView.swift */; };
/* End PBXBuildFile section */

/* Begin PBXFileReference section */
		A96100B02A20856500160488 /* WWDCExtendedTokyo2023.app */ = {isa = PBXFileReference; explicitFileType = wrapper.application; includeInIndex = 0; path = WWDCExtendedTokyo2023.app; sourceTree = BUILT_PRODUCTS_DIR; };
		A96100B32A20856500160488 /* WWDCExtendedTokyo2023App.swift */ = {isa = PBXFileReference; lastKnownFileType = sourcecode.swift; path = WWDCExtendedTokyo2023App.swift; sourceTree = "<group>"; };
		A96100B52A20856500160488 /* SlideTabView.swift */ = {isa = PBXFileReference; lastKnownFileType = sourcecode.swift; path = SlideTabView.swift; sourceTree = "<group>"; };
		A96100B72A20856500160488 /* Assets.xcassets */ = {isa = PBXFileReference; lastKnownFileType = folder.assetcatalog; path = Assets.xcassets; sourceTree = "<group>"; };
		A96100BA2A20856500160488 /* Preview Assets.xcassets */ = {isa = PBXFileReference; lastKnownFileType = folder.assetcatalog; path = "Preview Assets.xcassets"; sourceTree = "<group>"; };
		A96100C32A208F3500160488 /* ContentView.swift */ = {isa = PBXFileReference; lastKnownFileType = sourcecode.swift; path = ContentView.swift; sourceTree = "<group>"; };
		A96100C52A208F9C00160488 /* UIImageViewer.swift */ = {isa = PBXFileReference; lastKnownFileType = sourcecode.swift; path = UIImageViewer.swift; sourceTree = "<group>"; };
		A96100CC2A20900B00160488 /* ImageMagnificationView.swift */ = {isa = PBXFileReference; lastKnownFileType = sourcecode.swift; path = ImageMagnificationView.swift; sourceTree = "<group>"; };
		A96100CE2A20D3B900160488 /* TrancatedText.swift */ = {isa = PBXFileReference; lastKnownFileType = sourcecode.swift; path = TrancatedText.swift; sourceTree = "<group>"; };
		A9EF77682A2B71BB001BD912 /* BasicSlideTabView.swift */ = {isa = PBXFileReference; lastKnownFileType = sourcecode.swift; path = BasicSlideTabView.swift; sourceTree = "<group>"; };
		A9EF776A2A2B725E001BD912 /* SlideTabOffsetView.swift */ = {isa = PBXFileReference; lastKnownFileType = sourcecode.swift; path = SlideTabOffsetView.swift; sourceTree = "<group>"; };
		A9EF776D2A2B7AE6001BD912 /* MagnificationGestureScaleEffect.swift */ = {isa = PBXFileReference; lastKnownFileType = sourcecode.swift; path = MagnificationGestureScaleEffect.swift; sourceTree = "<group>"; };
		A9EF776F2A2B7B8F001BD912 /* MagnificationGestureScrollView.swift */ = {isa = PBXFileReference; lastKnownFileType = sourcecode.swift; path = MagnificationGestureScrollView.swift; sourceTree = "<group>"; };
/* End PBXFileReference section */

/* Begin PBXFrameworksBuildPhase section */
		A96100AD2A20856500160488 /* Frameworks */ = {
			isa = PBXFrameworksBuildPhase;
			buildActionMask = 2147483647;
			files = (
				A96100C92A208FD200160488 /* CombineCocoa in Frameworks */,
			);
			runOnlyForDeploymentPostprocessing = 0;
		};
/* End PBXFrameworksBuildPhase section */

/* Begin PBXGroup section */
		A96100A72A20856500160488 = {
			isa = PBXGroup;
			children = (
				A96100B22A20856500160488 /* WWDCExtendedTokyo2023 */,
				A96100B12A20856500160488 /* Products */,
			);
			sourceTree = "<group>";
		};
		A96100B12A20856500160488 /* Products */ = {
			isa = PBXGroup;
			children = (
				A96100B02A20856500160488 /* WWDCExtendedTokyo2023.app */,
			);
			name = Products;
			sourceTree = "<group>";
		};
		A96100B22A20856500160488 /* WWDCExtendedTokyo2023 */ = {
			isa = PBXGroup;
			children = (
				A9EF776C2A2B7AC1001BD912 /* ImageMagnification */,
				A9EF77672A2B7197001BD912 /* SlideTab */,
				A96100B32A20856500160488 /* WWDCExtendedTokyo2023App.swift */,
				A96100C32A208F3500160488 /* ContentView.swift */,
				A96100CE2A20D3B900160488 /* TrancatedText.swift */,
				A96100B72A20856500160488 /* Assets.xcassets */,
				A96100B92A20856500160488 /* Preview Content */,
			);
			path = WWDCExtendedTokyo2023;
			sourceTree = "<group>";
		};
		A96100B92A20856500160488 /* Preview Content */ = {
			isa = PBXGroup;
			children = (
				A96100BA2A20856500160488 /* Preview Assets.xcassets */,
			);
			path = "Preview Content";
			sourceTree = "<group>";
		};
		A9EF77672A2B7197001BD912 /* SlideTab */ = {
			isa = PBXGroup;
			children = (
				A9EF77682A2B71BB001BD912 /* BasicSlideTabView.swift */,
				A9EF776A2A2B725E001BD912 /* SlideTabOffsetView.swift */,
				A96100B52A20856500160488 /* SlideTabView.swift */,
			);
			path = SlideTab;
			sourceTree = "<group>";
		};
		A9EF776C2A2B7AC1001BD912 /* ImageMagnification */ = {
			isa = PBXGroup;
			children = (
				A9EF776D2A2B7AE6001BD912 /* MagnificationGestureScaleEffect.swift */,
				A9EF776F2A2B7B8F001BD912 /* MagnificationGestureScrollView.swift */,
				A96100CC2A20900B00160488 /* ImageMagnificationView.swift */,
				A96100C52A208F9C00160488 /* UIImageViewer.swift */,
			);
			path = ImageMagnification;
			sourceTree = "<group>";
		};
/* End PBXGroup section */

/* Begin PBXNativeTarget section */
		A96100AF2A20856500160488 /* WWDCExtendedTokyo2023 */ = {
			isa = PBXNativeTarget;
			buildConfigurationList = A96100BE2A20856500160488 /* Build configuration list for PBXNativeTarget "WWDCExtendedTokyo2023" */;
			buildPhases = (
				A96100AC2A20856500160488 /* Sources */,
				A96100AD2A20856500160488 /* Frameworks */,
				A96100AE2A20856500160488 /* Resources */,
			);
			buildRules = (
			);
			dependencies = (
			);
			name = WWDCExtendedTokyo2023;
			packageProductDependencies = (
				A96100C82A208FD200160488 /* CombineCocoa */,
			);
			productName = WWDCExtendedTokyo2023;
			productReference = A96100B02A20856500160488 /* WWDCExtendedTokyo2023.app */;
			productType = "com.apple.product-type.application";
		};
/* End PBXNativeTarget section */

/* Begin PBXProject section */
		A96100A82A20856500160488 /* Project object */ = {
			isa = PBXProject;
			attributes = {
				BuildIndependentTargetsInParallel = 1;
				LastSwiftUpdateCheck = 1430;
				LastUpgradeCheck = 1430;
				TargetAttributes = {
					A96100AF2A20856500160488 = {
						CreatedOnToolsVersion = 14.3;
					};
				};
			};
			buildConfigurationList = A96100AB2A20856500160488 /* Build configuration list for PBXProject "WWDCExtendedTokyo2023" */;
			compatibilityVersion = "Xcode 14.0";
			developmentRegion = en;
			hasScannedForEncodings = 0;
			knownRegions = (
				en,
				Base,
			);
			mainGroup = A96100A72A20856500160488;
			packageReferences = (
				A96100C72A208FD200160488 /* XCRemoteSwiftPackageReference "CombineCocoa" */,
			);
			productRefGroup = A96100B12A20856500160488 /* Products */;
			projectDirPath = "";
			projectRoot = "";
			targets = (
				A96100AF2A20856500160488 /* WWDCExtendedTokyo2023 */,
			);
		};
/* End PBXProject section */

/* Begin PBXResourcesBuildPhase section */
		A96100AE2A20856500160488 /* Resources */ = {
			isa = PBXResourcesBuildPhase;
			buildActionMask = 2147483647;
			files = (
				A96100BB2A20856500160488 /* Preview Assets.xcassets in Resources */,
				A96100B82A20856500160488 /* Assets.xcassets in Resources */,
			);
			runOnlyForDeploymentPostprocessing = 0;
		};
/* End PBXResourcesBuildPhase section */

/* Begin PBXSourcesBuildPhase section */
		A96100AC2A20856500160488 /* Sources */ = {
			isa = PBXSourcesBuildPhase;
			buildActionMask = 2147483647;
			files = (
				A9EF77692A2B71BB001BD912 /* BasicSlideTabView.swift in Sources */,
				A96100B62A20856500160488 /* SlideTabView.swift in Sources */,
				A96100C42A208F3500160488 /* ContentView.swift in Sources */,
				A9EF776E2A2B7AE6001BD912 /* MagnificationGestureScaleEffect.swift in Sources */,
				A96100C62A208F9C00160488 /* UIImageViewer.swift in Sources */,
				A96100CF2A20D3B900160488 /* TrancatedText.swift in Sources */,
				A9EF776B2A2B725E001BD912 /* SlideTabOffsetView.swift in Sources */,
				A96100B42A20856500160488 /* WWDCExtendedTokyo2023App.swift in Sources */,
				A96100CD2A20900B00160488 /* ImageMagnificationView.swift in Sources */,
				A9EF77702A2B7B8F001BD912 /* MagnificationGestureScrollView.swift in Sources */,
			);
			runOnlyForDeploymentPostprocessing = 0;
		};
/* End PBXSourcesBuildPhase section */

/* Begin XCBuildConfiguration section */
		A96100BC2A20856500160488 /* Debug */ = {
			isa = XCBuildConfiguration;
			buildSettings = {
				ALWAYS_SEARCH_USER_PATHS = NO;
				CLANG_ANALYZER_NONNULL = YES;
				CLANG_ANALYZER_NUMBER_OBJECT_CONVERSION = YES_AGGRESSIVE;
				CLANG_CXX_LANGUAGE_STANDARD = "gnu++20";
				CLANG_ENABLE_MODULES = YES;
				CLANG_ENABLE_OBJC_ARC = YES;
				CLANG_ENABLE_OBJC_WEAK = YES;
				CLANG_WARN_BLOCK_CAPTURE_AUTORELEASING = YES;
				CLANG_WARN_BOOL_CONVERSION = YES;
				CLANG_WARN_COMMA = YES;
				CLANG_WARN_CONSTANT_CONVERSION = YES;
				CLANG_WARN_DEPRECATED_OBJC_IMPLEMENTATIONS = YES;
				CLANG_WARN_DIRECT_OBJC_ISA_USAGE = YES_ERROR;
				CLANG_WARN_DOCUMENTATION_COMMENTS = YES;
				CLANG_WARN_EMPTY_BODY = YES;
				CLANG_WARN_ENUM_CONVERSION = YES;
				CLANG_WARN_INFINITE_RECURSION = YES;
				CLANG_WARN_INT_CONVERSION = YES;
				CLANG_WARN_NON_LITERAL_NULL_CONVERSION = YES;
				CLANG_WARN_OBJC_IMPLICIT_RETAIN_SELF = YES;
				CLANG_WARN_OBJC_LITERAL_CONVERSION = YES;
				CLANG_WARN_OBJC_ROOT_CLASS = YES_ERROR;
				CLANG_WARN_QUOTED_INCLUDE_IN_FRAMEWORK_HEADER = YES;
				CLANG_WARN_RANGE_LOOP_ANALYSIS = YES;
				CLANG_WARN_STRICT_PROTOTYPES = YES;
				CLANG_WARN_SUSPICIOUS_MOVE = YES;
				CLANG_WARN_UNGUARDED_AVAILABILITY = YES_AGGRESSIVE;
				CLANG_WARN_UNREACHABLE_CODE = YES;
				CLANG_WARN__DUPLICATE_METHOD_MATCH = YES;
				COPY_PHASE_STRIP = NO;
				DEBUG_INFORMATION_FORMAT = dwarf;
				ENABLE_STRICT_OBJC_MSGSEND = YES;
				ENABLE_TESTABILITY = YES;
				GCC_C_LANGUAGE_STANDARD = gnu11;
				GCC_DYNAMIC_NO_PIC = NO;
				GCC_NO_COMMON_BLOCKS = YES;
				GCC_OPTIMIZATION_LEVEL = 0;
				GCC_PREPROCESSOR_DEFINITIONS = (
					"DEBUG=1",
					"$(inherited)",
				);
				GCC_WARN_64_TO_32_BIT_CONVERSION = YES;
				GCC_WARN_ABOUT_RETURN_TYPE = YES_ERROR;
				GCC_WARN_UNDECLARED_SELECTOR = YES;
				GCC_WARN_UNINITIALIZED_AUTOS = YES_AGGRESSIVE;
				GCC_WARN_UNUSED_FUNCTION = YES;
				GCC_WARN_UNUSED_VARIABLE = YES;
				IPHONEOS_DEPLOYMENT_TARGET = 16.4;
				MTL_ENABLE_DEBUG_INFO = INCLUDE_SOURCE;
				MTL_FAST_MATH = YES;
				ONLY_ACTIVE_ARCH = YES;
				SDKROOT = iphoneos;
				SWIFT_ACTIVE_COMPILATION_CONDITIONS = DEBUG;
				SWIFT_OPTIMIZATION_LEVEL = "-Onone";
			};
			name = Debug;
		};
		A96100BD2A20856500160488 /* Release */ = {
			isa = XCBuildConfiguration;
			buildSettings = {
				ALWAYS_SEARCH_USER_PATHS = NO;
				CLANG_ANALYZER_NONNULL = YES;
				CLANG_ANALYZER_NUMBER_OBJECT_CONVERSION = YES_AGGRESSIVE;
				CLANG_CXX_LANGUAGE_STANDARD = "gnu++20";
				CLANG_ENABLE_MODULES = YES;
				CLANG_ENABLE_OBJC_ARC = YES;
				CLANG_ENABLE_OBJC_WEAK = YES;
				CLANG_WARN_BLOCK_CAPTURE_AUTORELEASING = YES;
				CLANG_WARN_BOOL_CONVERSION = YES;
				CLANG_WARN_COMMA = YES;
				CLANG_WARN_CONSTANT_CONVERSION = YES;
				CLANG_WARN_DEPRECATED_OBJC_IMPLEMENTATIONS = YES;
				CLANG_WARN_DIRECT_OBJC_ISA_USAGE = YES_ERROR;
				CLANG_WARN_DOCUMENTATION_COMMENTS = YES;
				CLANG_WARN_EMPTY_BODY = YES;
				CLANG_WARN_ENUM_CONVERSION = YES;
				CLANG_WARN_INFINITE_RECURSION = YES;
				CLANG_WARN_INT_CONVERSION = YES;
				CLANG_WARN_NON_LITERAL_NULL_CONVERSION = YES;
				CLANG_WARN_OBJC_IMPLICIT_RETAIN_SELF = YES;
				CLANG_WARN_OBJC_LITERAL_CONVERSION = YES;
				CLANG_WARN_OBJC_ROOT_CLASS = YES_ERROR;
				CLANG_WARN_QUOTED_INCLUDE_IN_FRAMEWORK_HEADER = YES;
				CLANG_WARN_RANGE_LOOP_ANALYSIS = YES;
				CLANG_WARN_STRICT_PROTOTYPES = YES;
				CLANG_WARN_SUSPICIOUS_MOVE = YES;
				CLANG_WARN_UNGUARDED_AVAILABILITY = YES_AGGRESSIVE;
				CLANG_WARN_UNREACHABLE_CODE = YES;
				CLANG_WARN__DUPLICATE_METHOD_MATCH = YES;
				COPY_PHASE_STRIP = NO;
				DEBUG_INFORMATION_FORMAT = "dwarf-with-dsym";
				ENABLE_NS_ASSERTIONS = NO;
				ENABLE_STRICT_OBJC_MSGSEND = YES;
				GCC_C_LANGUAGE_STANDARD = gnu11;
				GCC_NO_COMMON_BLOCKS = YES;
				GCC_WARN_64_TO_32_BIT_CONVERSION = YES;
				GCC_WARN_ABOUT_RETURN_TYPE = YES_ERROR;
				GCC_WARN_UNDECLARED_SELECTOR = YES;
				GCC_WARN_UNINITIALIZED_AUTOS = YES_AGGRESSIVE;
				GCC_WARN_UNUSED_FUNCTION = YES;
				GCC_WARN_UNUSED_VARIABLE = YES;
				IPHONEOS_DEPLOYMENT_TARGET = 16.4;
				MTL_ENABLE_DEBUG_INFO = NO;
				MTL_FAST_MATH = YES;
				SDKROOT = iphoneos;
				SWIFT_COMPILATION_MODE = wholemodule;
				SWIFT_OPTIMIZATION_LEVEL = "-O";
				VALIDATE_PRODUCT = YES;
			};
			name = Release;
		};
		A96100BF2A20856500160488 /* Debug */ = {
			isa = XCBuildConfiguration;
			buildSettings = {
				ASSETCATALOG_COMPILER_APPICON_NAME = AppIcon;
				ASSETCATALOG_COMPILER_GLOBAL_ACCENT_COLOR_NAME = AccentColor;
				CODE_SIGN_STYLE = Automatic;
				CURRENT_PROJECT_VERSION = 1;
				DEVELOPMENT_ASSET_PATHS = "\"WWDCExtendedTokyo2023/Preview Content\"";
				DEVELOPMENT_TEAM = "";
				ENABLE_PREVIEWS = YES;
				GENERATE_INFOPLIST_FILE = YES;
				INFOPLIST_KEY_UIApplicationSceneManifest_Generation = YES;
				INFOPLIST_KEY_UIApplicationSupportsIndirectInputEvents = YES;
				INFOPLIST_KEY_UILaunchScreen_Generation = YES;
				INFOPLIST_KEY_UISupportedInterfaceOrientations_iPad = "UIInterfaceOrientationPortrait UIInterfaceOrientationPortraitUpsideDown UIInterfaceOrientationLandscapeLeft UIInterfaceOrientationLandscapeRight";
				INFOPLIST_KEY_UISupportedInterfaceOrientations_iPhone = "UIInterfaceOrientationPortrait UIInterfaceOrientationLandscapeLeft UIInterfaceOrientationLandscapeRight";
				LD_RUNPATH_SEARCH_PATHS = (
					"$(inherited)",
					"@executable_path/Frameworks",
				);
				MARKETING_VERSION = 1.0;
				PRODUCT_BUNDLE_IDENTIFIER = com.TAATHub.WWDCExtendedTokyo2023;
				PRODUCT_NAME = "$(TARGET_NAME)";
				SWIFT_EMIT_LOC_STRINGS = YES;
				SWIFT_VERSION = 5.0;
				TARGETED_DEVICE_FAMILY = "1,2";
			};
			name = Debug;
		};
		A96100C02A20856500160488 /* Release */ = {
			isa = XCBuildConfiguration;
			buildSettings = {
				ASSETCATALOG_COMPILER_APPICON_NAME = AppIcon;
				ASSETCATALOG_COMPILER_GLOBAL_ACCENT_COLOR_NAME = AccentColor;
				CODE_SIGN_STYLE = Automatic;
				CURRENT_PROJECT_VERSION = 1;
				DEVELOPMENT_ASSET_PATHS = "\"WWDCExtendedTokyo2023/Preview Content\"";
				DEVELOPMENT_TEAM = "";
				ENABLE_PREVIEWS = YES;
				GENERATE_INFOPLIST_FILE = YES;
				INFOPLIST_KEY_UIApplicationSceneManifest_Generation = YES;
				INFOPLIST_KEY_UIApplicationSupportsIndirectInputEvents = YES;
				INFOPLIST_KEY_UILaunchScreen_Generation = YES;
				INFOPLIST_KEY_UISupportedInterfaceOrientations_iPad = "UIInterfaceOrientationPortrait UIInterfaceOrientationPortraitUpsideDown UIInterfaceOrientationLandscapeLeft UIInterfaceOrientationLandscapeRight";
				INFOPLIST_KEY_UISupportedInterfaceOrientations_iPhone = "UIInterfaceOrientationPortrait UIInterfaceOrientationLandscapeLeft UIInterfaceOrientationLandscapeRight";
				LD_RUNPATH_SEARCH_PATHS = (
					"$(inherited)",
					"@executable_path/Frameworks",
				);
				MARKETING_VERSION = 1.0;
				PRODUCT_BUNDLE_IDENTIFIER = com.TAATHub.WWDCExtendedTokyo2023;
				PRODUCT_NAME = "$(TARGET_NAME)";
				SWIFT_EMIT_LOC_STRINGS = YES;
				SWIFT_VERSION = 5.0;
				TARGETED_DEVICE_FAMILY = "1,2";
			};
			name = Release;
		};
/* End XCBuildConfiguration section */

/* Begin XCConfigurationList section */
		A96100AB2A20856500160488 /* Build configuration list for PBXProject "WWDCExtendedTokyo2023" */ = {
			isa = XCConfigurationList;
			buildConfigurations = (
				A96100BC2A20856500160488 /* Debug */,
				A96100BD2A20856500160488 /* Release */,
			);
			defaultConfigurationIsVisible = 0;
			defaultConfigurationName = Release;
		};
		A96100BE2A20856500160488 /* Build configuration list for PBXNativeTarget "WWDCExtendedTokyo2023" */ = {
			isa = XCConfigurationList;
			buildConfigurations = (
				A96100BF2A20856500160488 /* Debug */,
				A96100C02A20856500160488 /* Release */,
			);
			defaultConfigurationIsVisible = 0;
			defaultConfigurationName = Release;
		};
/* End XCConfigurationList section */

/* Begin XCRemoteSwiftPackageReference section */
		A96100C72A208FD200160488 /* XCRemoteSwiftPackageReference "CombineCocoa" */ = {
			isa = XCRemoteSwiftPackageReference;
			repositoryURL = "https://github.com/CombineCommunity/CombineCocoa.git";
			requirement = {
				kind = upToNextMajorVersion;
				minimumVersion = 0.4.1;
			};
		};
/* End XCRemoteSwiftPackageReference section */

/* Begin XCSwiftPackageProductDependency section */
		A96100C82A208FD200160488 /* CombineCocoa */ = {
			isa = XCSwiftPackageProductDependency;
			package = A96100C72A208FD200160488 /* XCRemoteSwiftPackageReference "CombineCocoa" */;
			productName = CombineCocoa;
		};
/* End XCSwiftPackageProductDependency section */
	};
	rootObject = A96100A82A20856500160488 /* Project object */;
}
